
Microsoft Visual Studio Solution File, Format Version 12.00
# Visual Studio Version 17
VisualStudioVersion = 17.12.35707.178
MinimumVisualStudioVersion = 10.0.40219.1
Project("{FAE04EC0-301F-11D3-BF4B-00C04F79EFBC}") = "C#", "C#\C#.csproj", "{A7872B4F-D080-4BF6-82AB-23B7280F301A}"
EndProject
Project("{FAE04EC0-301F-11D3-BF4B-00C04F79EFBC}") = "Second task", "Second task\Second task.csproj", "{818BF379-1B07-4E42-AB0B-BC01F30BDA3E}"
EndProject
Project("{FAE04EC0-301F-11D3-BF4B-00C04F79EFBC}") = "task3", "task3\task3.csproj", "{F011339B-093D-47C6-9371-AB54F9EC63C3}"
EndProject
Project("{FAE04EC0-301F-11D3-BF4B-00C04F79EFBC}") = "task4", "task4\task4.csproj", "{0FDFFACA-6125-47D0-8723-A996B85649F6}"
EndProject
Global
	GlobalSection(SolutionConfigurationPlatforms) = preSolution
		Debug|Any CPU = Debug|Any CPU
		Release|Any CPU = Release|Any CPU
	EndGlobalSection
	GlobalSection(ProjectConfigurationPlatforms) = postSolution
		{A7872B4F-D080-4BF6-82AB-23B7280F301A}.Debug|Any CPU.ActiveCfg = Debug|Any CPU
		{A7872B4F-D080-4BF6-82AB-23B7280F301A}.Debug|Any CPU.Build.0 = Debug|Any CPU
		{A7872B4F-D080-4BF6-82AB-23B7280F301A}.Release|Any CPU.ActiveCfg = Release|Any CPU
		{A7872B4F-D080-4BF6-82AB-23B7280F301A}.Release|Any CPU.Build.0 = Release|Any CPU
		{818BF379-1B07-4E42-AB0B-BC01F30BDA3E}.Debug|Any CPU.ActiveCfg = Debug|Any CPU
		{818BF379-1B07-4E42-AB0B-BC01F30BDA3E}.Debug|Any CPU.Build.0 = Debug|Any CPU
		{818BF379-1B07-4E42-AB0B-BC01F30BDA3E}.Release|Any CPU.ActiveCfg = Release|Any CPU
		{818BF379-1B07-4E42-AB0B-BC01F30BDA3E}.Release|Any CPU.Build.0 = Release|Any CPU
		{F011339B-093D-47C6-9371-AB54F9EC63C3}.Debug|Any CPU.ActiveCfg = Debug|Any CPU
		{F011339B-093D-47C6-9371-AB54F9EC63C3}.Debug|Any CPU.Build.0 = Debug|Any CPU
		{F011339B-093D-47C6-9371-AB54F9EC63C3}.Release|Any CPU.ActiveCfg = Release|Any CPU
		{F011339B-093D-47C6-9371-AB54F9EC63C3}.Release|Any CPU.Build.0 = Release|Any CPU
		{0FDFFACA-6125-47D0-8723-A996B85649F6}.Debug|Any CPU.ActiveCfg = Debug|Any CPU
		{0FDFFACA-6125-47D0-8723-A996B85649F6}.Debug|Any CPU.Build.0 = Debug|Any CPU
		{0FDFFACA-6125-47D0-8723-A996B85649F6}.Release|Any CPU.ActiveCfg = Release|Any CPU
		{0FDFFACA-6125-47D0-8723-A996B85649F6}.Release|Any CPU.Build.0 = Release|Any CPU
	EndGlobalSection
	GlobalSection(SolutionProperties) = preSolution
		HideSolutionNode = FALSE
	EndGlobalSection
EndGlobal
